
Microsoft Visual Studio Solution File, Format Version 12.00
# Visual Studio Version 17
VisualStudioVersion = 17.2.32616.157
MinimumVisualStudioVersion = 10.0.40219.1
Project("{FAE04EC0-301F-11D3-BF4B-00C04F79EFBC}") = "AuthNet", "AuthNet\AuthNet.csproj", "{6B6C7926-3744-47C6-8407-2F0AF63ADED4}"
EndProject
Global
	GlobalSection(SolutionConfigurationPlatforms) = preSolution
		Debug|Any CPU = Debug|Any CPU
		Release|Any CPU = Release|Any CPU
	EndGlobalSection
	GlobalSection(ProjectConfigurationPlatforms) = postSolution
		{6B6C7926-3744-47C6-8407-2F0AF63ADED4}.Debug|Any CPU.ActiveCfg = Debug|Any CPU
		{6B6C7926-3744-47C6-8407-2F0AF63ADED4}.Debug|Any CPU.Build.0 = Debug|Any CPU
		{6B6C7926-3744-47C6-8407-2F0AF63ADED4}.Release|Any CPU.ActiveCfg = Release|Any CPU
		{6B6C7926-3744-47C6-8407-2F0AF63ADED4}.Release|Any CPU.Build.0 = Release|Any CPU
	EndGlobalSection
	GlobalSection(SolutionProperties) = preSolution
		HideSolutionNode = FALSE
	EndGlobalSection
	GlobalSection(ExtensibilityGlobals) = postSolution
		SolutionGuid = {DE6B58B3-EC3E-40DB-84A0-2FA2F53913B7}
	EndGlobalSection
EndGlobal
